
Microsoft Visual Studio Solution File, Format Version 12.00
# Visual Studio Version 16
VisualStudioVersion = 16.0.30804.86
MinimumVisualStudioVersion = 10.0.40219.1
Project("{FAE04EC0-301F-11D3-BF4B-00C04F79EFBC}") = "caixa_eletronico", "caixa_eletronico\caixa_eletronico.csproj", "{43A27880-6D60-4ACD-B33C-D16C13AE11A5}"
EndProject
Global
	GlobalSection(SolutionConfigurationPlatforms) = preSolution
		Debug|Any CPU = Debug|Any CPU
		Release|Any CPU = Release|Any CPU
	EndGlobalSection
	GlobalSection(ProjectConfigurationPlatforms) = postSolution
		{43A27880-6D60-4ACD-B33C-D16C13AE11A5}.Debug|Any CPU.ActiveCfg = Debug|Any CPU
		{43A27880-6D60-4ACD-B33C-D16C13AE11A5}.Debug|Any CPU.Build.0 = Debug|Any CPU
		{43A27880-6D60-4ACD-B33C-D16C13AE11A5}.Release|Any CPU.ActiveCfg = Release|Any CPU
		{43A27880-6D60-4ACD-B33C-D16C13AE11A5}.Release|Any CPU.Build.0 = Release|Any CPU
	EndGlobalSection
	GlobalSection(SolutionProperties) = preSolution
		HideSolutionNode = FALSE
	EndGlobalSection
	GlobalSection(ExtensibilityGlobals) = postSolution
		SolutionGuid = {8B8B7711-5DA4-4504-ABF6-7211EFDC72A5}
	EndGlobalSection
EndGlobal
